<?xml version="1.0" encoding="utf-8"?>
<Project ToolsVersion="17.0" xmlns="http://schemas.microsoft.com/developer/msbuild/2003">
  <ItemGroup>
    <ClCompile Include="C:\Darknet\src\yolo_v2_class.cpp">
      <Filter>Source Files</Filter>
    </ClCompile>
    <ClCompile Include="C:\Darknet\src\activation_layer.c">
      <Filter>Source Files</Filter>
    </ClCompile>
    <ClCompile Include="C:\Darknet\src\activations.c">
      <Filter>Source Files</Filter>
    </ClCompile>
    <ClCompile Include="C:\Darknet\src\art.c">
      <Filter>Source Files</Filter>
    </ClCompile>
    <ClCompile Include="C:\Darknet\src\avgpool_layer.c">
      <Filter>Source Files</Filter>
    </ClCompile>
    <ClCompile Include="C:\Darknet\src\batchnorm_layer.c">
      <Filter>Source Files</Filter>
    </ClCompile>
    <ClCompile Include="C:\Darknet\src\blas.c">
      <Filter>Source Files</Filter>
    </ClCompile>
    <ClCompile Include="C:\Darknet\src\box.c">
      <Filter>Source Files</Filter>
    </ClCompile>
    <ClCompile Include="C:\Darknet\src\captcha.c">
      <Filter>Source Files</Filter>
    </ClCompile>
    <ClCompile Include="C:\Darknet\src\cifar.c">
      <Filter>Source Files</Filter>
    </ClCompile>
    <ClCompile Include="C:\Darknet\src\classifier.c">
      <Filter>Source Files</Filter>
    </ClCompile>
    <ClCompile Include="C:\Darknet\src\coco.c">
      <Filter>Source Files</Filter>
    </ClCompile>
    <ClCompile Include="C:\Darknet\src\col2im.c">
      <Filter>Source Files</Filter>
    </ClCompile>
    <ClCompile Include="C:\Darknet\src\compare.c">
      <Filter>Source Files</Filter>
    </ClCompile>
    <ClCompile Include="C:\Darknet\src\connected_layer.c">
      <Filter>Source Files</Filter>
    </ClCompile>
    <ClCompile Include="C:\Darknet\src\conv_lstm_layer.c">
      <Filter>Source Files</Filter>
    </ClCompile>
    <ClCompile Include="C:\Darknet\src\convolutional_layer.c">
      <Filter>Source Files</Filter>
    </ClCompile>
    <ClCompile Include="C:\Darknet\src\cost_layer.c">
      <Filter>Source Files</Filter>
    </ClCompile>
    <ClCompile Include="C:\Darknet\src\cpu_gemm.c">
      <Filter>Source Files</Filter>
    </ClCompile>
    <ClCompile Include="C:\Darknet\src\crnn_layer.c">
      <Filter>Source Files</Filter>
    </ClCompile>
    <ClCompile Include="C:\Darknet\src\crop_layer.c">
      <Filter>Source Files</Filter>
    </ClCompile>
    <ClCompile Include="C:\Darknet\src\dark_cuda.c">
      <Filter>Source Files</Filter>
    </ClCompile>
    <ClCompile Include="C:\Darknet\src\data.c">
      <Filter>Source Files</Filter>
    </ClCompile>
    <ClCompile Include="C:\Darknet\src\deconvolutional_layer.c">
      <Filter>Source Files</Filter>
    </ClCompile>
    <ClCompile Include="C:\Darknet\src\demo.c">
      <Filter>Source Files</Filter>
    </ClCompile>
    <ClCompile Include="C:\Darknet\src\detection_layer.c">
      <Filter>Source Files</Filter>
    </ClCompile>
    <ClCompile Include="C:\Darknet\src\detector.c">
      <Filter>Source Files</Filter>
    </ClCompile>
    <ClCompile Include="C:\Darknet\src\dice.c">
      <Filter>Source Files</Filter>
    </ClCompile>
    <ClCompile Include="C:\Darknet\src\dropout_layer.c">
      <Filter>Source Files</Filter>
    </ClCompile>
    <ClCompile Include="C:\Darknet\src\gaussian_yolo_layer.c">
      <Filter>Source Files</Filter>
    </ClCompile>
    <ClCompile Include="C:\Darknet\src\gemm.c">
      <Filter>Source Files</Filter>
    </ClCompile>
    <ClCompile Include="C:\Darknet\src\getopt.c">
      <Filter>Source Files</Filter>
    </ClCompile>
    <ClCompile Include="C:\Darknet\src\gettimeofday.c">
      <Filter>Source Files</Filter>
    </ClCompile>
    <ClCompile Include="C:\Darknet\src\go.c">
      <Filter>Source Files</Filter>
    </ClCompile>
    <ClCompile Include="C:\Darknet\src\gru_layer.c">
      <Filter>Source Files</Filter>
    </ClCompile>
    <ClCompile Include="C:\Darknet\src\im2col.c">
      <Filter>Source Files</Filter>
    </ClCompile>
    <ClCompile Include="C:\Darknet\src\image.c">
      <Filter>Source Files</Filter>
    </ClCompile>
    <ClCompile Include="C:\Darknet\src\layer.c">
      <Filter>Source Files</Filter>
    </ClCompile>
    <ClCompile Include="C:\Darknet\src\list.c">
      <Filter>Source Files</Filter>
    </ClCompile>
    <ClCompile Include="C:\Darknet\src\local_layer.c">
      <Filter>Source Files</Filter>
    </ClCompile>
    <ClCompile Include="C:\Darknet\src\lstm_layer.c">
      <Filter>Source Files</Filter>
    </ClCompile>
    <ClCompile Include="C:\Darknet\src\matrix.c">
      <Filter>Source Files</Filter>
    </ClCompile>
    <ClCompile Include="C:\Darknet\src\maxpool_layer.c">
      <Filter>Source Files</Filter>
    </ClCompile>
    <ClCompile Include="C:\Darknet\src\network.c">
      <Filter>Source Files</Filter>
    </ClCompile>
    <ClCompile Include="C:\Darknet\src\nightmare.c">
      <Filter>Source Files</Filter>
    </ClCompile>
    <ClCompile Include="C:\Darknet\src\normalization_layer.c">
      <Filter>Source Files</Filter>
    </ClCompile>
    <ClCompile Include="C:\Darknet\src\option_list.c">
      <Filter>Source Files</Filter>
    </ClCompile>
    <ClCompile Include="C:\Darknet\src\parser.c">
      <Filter>Source Files</Filter>
    </ClCompile>
    <ClCompile Include="C:\Darknet\src\region_layer.c">
      <Filter>Source Files</Filter>
    </ClCompile>
    <ClCompile Include="C:\Darknet\src\reorg_layer.c">
      <Filter>Source Files</Filter>
    </ClCompile>
    <ClCompile Include="C:\Darknet\src\reorg_old_layer.c">
      <Filter>Source Files</Filter>
    </ClCompile>
    <ClCompile Include="C:\Darknet\src\representation_layer.c">
      <Filter>Source Files</Filter>
    </ClCompile>
    <ClCompile Include="C:\Darknet\src\rnn.c">
      <Filter>Source Files</Filter>
    </ClCompile>
    <ClCompile Include="C:\Darknet\src\rnn_layer.c">
      <Filter>Source Files</Filter>
    </ClCompile>
    <ClCompile Include="C:\Darknet\src\rnn_vid.c">
      <Filter>Source Files</Filter>
    </ClCompile>
    <ClCompile Include="C:\Darknet\src\route_layer.c">
      <Filter>Source Files</Filter>
    </ClCompile>
    <ClCompile Include="C:\Darknet\src\sam_layer.c">
      <Filter>Source Files</Filter>
    </ClCompile>
    <ClCompile Include="C:\Darknet\src\scale_channels_layer.c">
      <Filter>Source Files</Filter>
    </ClCompile>
    <ClCompile Include="C:\Darknet\src\shortcut_layer.c">
      <Filter>Source Files</Filter>
    </ClCompile>
    <ClCompile Include="C:\Darknet\src\softmax_layer.c">
      <Filter>Source Files</Filter>
    </ClCompile>
    <ClCompile Include="C:\Darknet\src\super.c">
      <Filter>Source Files</Filter>
    </ClCompile>
    <ClCompile Include="C:\Darknet\src\swag.c">
      <Filter>Source Files</Filter>
    </ClCompile>
    <ClCompile Include="C:\Darknet\src\tag.c">
      <Filter>Source Files</Filter>
    </ClCompile>
    <ClCompile Include="C:\Darknet\src\tree.c">
      <Filter>Source Files</Filter>
    </ClCompile>
    <ClCompile Include="C:\Darknet\src\upsample_layer.c">
      <Filter>Source Files</Filter>
    </ClCompile>
    <ClCompile Include="C:\Darknet\src\utils.c">
      <Filter>Source Files</Filter>
    </ClCompile>
    <ClCompile Include="C:\Darknet\src\voxel.c">
      <Filter>Source Files</Filter>
    </ClCompile>
    <ClCompile Include="C:\Darknet\src\writing.c">
      <Filter>Source Files</Filter>
    </ClCompile>
    <ClCompile Include="C:\Darknet\src\yolo.c">
      <Filter>Source Files</Filter>
    </ClCompile>
    <ClCompile Include="C:\Darknet\src\yolo_layer.c">
      <Filter>Source Files</Filter>
    </ClCompile>
    <ClCompile Include="C:\Darknet\src\http_stream.cpp">
      <Filter>Source Files</Filter>
    </ClCompile>
    <ClCompile Include="C:\Darknet\src\image_opencv.cpp">
      <Filter>Source Files</Filter>
    </ClCompile>
  </ItemGroup>
  <ItemGroup>
    <ClInclude Include="C:\Darknet\include\yolo_v2_class.hpp">
      <Filter>Header Files</Filter>
    </ClInclude>
    <ClInclude Include="C:\Darknet\src\activation_layer.h">
      <Filter>Header Files</Filter>
    </ClInclude>
    <ClInclude Include="C:\Darknet\src\activations.h">
      <Filter>Header Files</Filter>
    </ClInclude>
    <ClInclude Include="C:\Darknet\src\avgpool_layer.h">
      <Filter>Header Files</Filter>
    </ClInclude>
    <ClInclude Include="C:\Darknet\src\batchnorm_layer.h">
      <Filter>Header Files</Filter>
    </ClInclude>
    <ClInclude Include="C:\Darknet\src\blas.h">
      <Filter>Header Files</Filter>
    </ClInclude>
    <ClInclude Include="C:\Darknet\src\box.h">
      <Filter>Header Files</Filter>
    </ClInclude>
    <ClInclude Include="C:\Darknet\src\classifier.h">
      <Filter>Header Files</Filter>
    </ClInclude>
    <ClInclude Include="C:\Darknet\src\col2im.h">
      <Filter>Header Files</Filter>
    </ClInclude>
    <ClInclude Include="C:\Darknet\src\connected_layer.h">
      <Filter>Header Files</Filter>
    </ClInclude>
    <ClInclude Include="C:\Darknet\src\conv_lstm_layer.h">
      <Filter>Header Files</Filter>
    </ClInclude>
    <ClInclude Include="C:\Darknet\src\convolutional_layer.h">
      <Filter>Header Files</Filter>
    </ClInclude>
    <ClInclude Include="C:\Darknet\src\cost_layer.h">
      <Filter>Header Files</Filter>
    </ClInclude>
    <ClInclude Include="C:\Darknet\src\crnn_layer.h">
      <Filter>Header Files</Filter>
    </ClInclude>
    <ClInclude Include="C:\Darknet\src\crop_layer.h">
      <Filter>Header Files</Filter>
    </ClInclude>
    <ClInclude Include="C:\Darknet\src\dark_cuda.h">
      <Filter>Header Files</Filter>
    </ClInclude>
    <ClInclude Include="C:\Darknet\src\darkunistd.h">
      <Filter>Header Files</Filter>
    </ClInclude>
    <ClInclude Include="C:\Darknet\src\data.h">
      <Filter>Header Files</Filter>
    </ClInclude>
    <ClInclude Include="C:\Darknet\src\deconvolutional_layer.h">
      <Filter>Header Files</Filter>
    </ClInclude>
    <ClInclude Include="C:\Darknet\src\demo.h">
      <Filter>Header Files</Filter>
    </ClInclude>
    <ClInclude Include="C:\Darknet\src\detection_layer.h">
      <Filter>Header Files</Filter>
    </ClInclude>
    <ClInclude Include="C:\Darknet\src\dropout_layer.h">
      <Filter>Header Files</Filter>
    </ClInclude>
    <ClInclude Include="C:\Darknet\src\gaussian_yolo_layer.h">
      <Filter>Header Files</Filter>
    </ClInclude>
    <ClInclude Include="C:\Darknet\src\gemm.h">
      <Filter>Header Files</Filter>
    </ClInclude>
    <ClInclude Include="C:\Darknet\src\getopt.h">
      <Filter>Header Files</Filter>
    </ClInclude>
    <ClInclude Include="C:\Darknet\src\gettimeofday.h">
      <Filter>Header Files</Filter>
    </ClInclude>
    <ClInclude Include="C:\Darknet\src\gru_layer.h">
      <Filter>Header Files</Filter>
    </ClInclude>
    <ClInclude Include="C:\Darknet\src\http_stream.h">
      <Filter>Header Files</Filter>
    </ClInclude>
    <ClInclude Include="C:\Darknet\src\httplib.h">
      <Filter>Header Files</Filter>
    </ClInclude>
    <ClInclude Include="C:\Darknet\src\im2col.h">
      <Filter>Header Files</Filter>
    </ClInclude>
    <ClInclude Include="C:\Darknet\src\image.h">
      <Filter>Header Files</Filter>
    </ClInclude>
    <ClInclude Include="C:\Darknet\src\image_opencv.h">
      <Filter>Header Files</Filter>
    </ClInclude>
    <ClInclude Include="C:\Darknet\src\layer.h">
      <Filter>Header Files</Filter>
    </ClInclude>
    <ClInclude Include="C:\Darknet\src\list.h">
      <Filter>Header Files</Filter>
    </ClInclude>
    <ClInclude Include="C:\Darknet\src\local_layer.h">
      <Filter>Header Files</Filter>
    </ClInclude>
    <ClInclude Include="C:\Darknet\src\lstm_layer.h">
      <Filter>Header Files</Filter>
    </ClInclude>
    <ClInclude Include="C:\Darknet\src\matrix.h">
      <Filter>Header Files</Filter>
    </ClInclude>
    <ClInclude Include="C:\Darknet\src\maxpool_layer.h">
      <Filter>Header Files</Filter>
    </ClInclude>
    <ClInclude Include="C:\Darknet\src\network.h">
      <Filter>Header Files</Filter>
    </ClInclude>
    <ClInclude Include="C:\Darknet\src\normalization_layer.h">
      <Filter>Header Files</Filter>
    </ClInclude>
    <ClInclude Include="C:\Darknet\src\option_list.h">
      <Filter>Header Files</Filter>
    </ClInclude>
    <ClInclude Include="C:\Darknet\src\parser.h">
      <Filter>Header Files</Filter>
    </ClInclude>
    <ClInclude Include="C:\Darknet\src\region_layer.h">
      <Filter>Header Files</Filter>
    </ClInclude>
    <ClInclude Include="C:\Darknet\src\reorg_layer.h">
      <Filter>Header Files</Filter>
    </ClInclude>
    <ClInclude Include="C:\Darknet\src\reorg_old_layer.h">
      <Filter>Header Files</Filter>
    </ClInclude>
    <ClInclude Include="C:\Darknet\src\representation_layer.h">
      <Filter>Header Files</Filter>
    </ClInclude>
    <ClInclude Include="C:\Darknet\src\rnn_layer.h">
      <Filter>Header Files</Filter>
    </ClInclude>
    <ClInclude Include="C:\Darknet\src\route_layer.h">
      <Filter>Header Files</Filter>
    </ClInclude>
    <ClInclude Include="C:\Darknet\src\sam_layer.h">
      <Filter>Header Files</Filter>
    </ClInclude>
    <ClInclude Include="C:\Darknet\src\scale_channels_layer.h">
      <Filter>Header Files</Filter>
    </ClInclude>
    <ClInclude Include="C:\Darknet\src\shortcut_layer.h">
      <Filter>Header Files</Filter>
    </ClInclude>
    <ClInclude Include="C:\Darknet\src\softmax_layer.h">
      <Filter>Header Files</Filter>
    </ClInclude>
    <ClInclude Include="C:\Darknet\src\tree.h">
      <Filter>Header Files</Filter>
    </ClInclude>
    <ClInclude Include="C:\Darknet\src\upsample_layer.h">
      <Filter>Header Files</Filter>
    </ClInclude>
    <ClInclude Include="C:\Darknet\src\utils.h">
      <Filter>Header Files</Filter>
    </ClInclude>
    <ClInclude Include="C:\Darknet\src\version.h">
      <Filter>Header Files</Filter>
    </ClInclude>
    <ClInclude Include="C:\Darknet\src\yolo_layer.h">
      <Filter>Header Files</Filter>
    </ClInclude>
    <ClInclude Include="C:\Darknet\include\darknet.h">
      <Filter>Header Files</Filter>
    </ClInclude>
  </ItemGroup>
  <ItemGroup>
    <CudaCompile Include="src\activation_kernels.cu">
      <Filter>Source Files</Filter>
    </CudaCompile>
    <CudaCompile Include="src\avgpool_layer_kernels.cu">
      <Filter>Source Files</Filter>
    </CudaCompile>
    <CudaCompile Include="src\blas_kernels.cu">
      <Filter>Source Files</Filter>
    </CudaCompile>
    <CudaCompile Include="src\col2im_kernels.cu">
      <Filter>Source Files</Filter>
    </CudaCompile>
    <CudaCompile Include="src\convolutional_kernels.cu">
      <Filter>Source Files</Filter>
    </CudaCompile>
    <CudaCompile Include="src\crop_layer_kernels.cu">
      <Filter>Source Files</Filter>
    </CudaCompile>
    <CudaCompile Include="src\deconvolutional_kernels.cu">
      <Filter>Source Files</Filter>
    </CudaCompile>
    <CudaCompile Include="src\dropout_layer_kernels.cu">
      <Filter>Source Files</Filter>
    </CudaCompile>
    <CudaCompile Include="src\im2col_kernels.cu">
      <Filter>Source Files</Filter>
    </CudaCompile>
    <CudaCompile Include="src\maxpool_layer_kernels.cu">
      <Filter>Source Files</Filter>
    </CudaCompile>
    <CudaCompile Include="src\network_kernels.cu">
      <Filter>Source Files</Filter>
    </CudaCompile>
  </ItemGroup>
  <ItemGroup>
    <CustomBuild Include="C:\Darknet\CMakeLists.txt" />
  </ItemGroup>
  <ItemGroup>
    <Filter Include="Header Files">
      <UniqueIdentifier>{EF2F00E9-8087-3BC1-9EDC-FAD15E111338}</UniqueIdentifier>
    </Filter>
    <Filter Include="Source Files">
      <UniqueIdentifier>{42C9D9C9-2527-3170-9930-05F431A81051}</UniqueIdentifier>
    </Filter>
  </ItemGroup>
</Project>
