<?xml version="1.0" encoding="utf-8"?>
<Project ToolsVersion="17.0" xmlns="http://schemas.microsoft.com/developer/msbuild/2003">
  <ItemGroup>
    <CustomBuild Include="C:\Darknet\CMakeFiles\1e2676a035bfe9eed3062ac7755d6ed7\generate.stamp.rule">
      <Filter>CMake Rules</Filter>
    </CustomBuild>
  </ItemGroup>
  <ItemGroup>
    <Filter Include="CMake Rules">
      <UniqueIdentifier>{815386AA-507C-3B03-8CFE-9757ED47BC06}</UniqueIdentifier>
    </Filter>
  </ItemGroup>
</Project>
